<?xml version="1.0" encoding="utf-8"?>
<Project ToolsVersion="4.0" xmlns="http://schemas.microsoft.com/developer/msbuild/2003">
  <ItemGroup>
    <Filter Include="Source Files">
      <UniqueIdentifier>{4FC737F1-C7A5-4376-A066-2A32D752A2FF}</UniqueIdentifier>
      <Extensions>cpp;c;cc;cxx;c++;cppm;ixx;def;odl;idl;hpj;bat;asm;asmx</Extensions>
    </Filter>
    <Filter Include="Header Files">
      <UniqueIdentifier>{93995380-89BD-4b04-88EB-625FBE52EBFB}</UniqueIdentifier>
      <Extensions>h;hh;hpp;hxx;h++;hm;inl;inc;ipp;xsd</Extensions>
    </Filter>
    <Filter Include="Resource Files">
      <UniqueIdentifier>{67DA6AB6-F800-4c08-8B7A-83BB121AAD01}</UniqueIdentifier>
      <Extensions>rc;ico;cur;bmp;dlg;rc2;rct;bin;rgs;gif;jpg;jpeg;jpe;resx;tiff;tif;png;wav;mfcribbon-ms</Extensions>
    </Filter>
  </ItemGroup>
  <ItemGroup>
    <ClCompile Include="LapTrinhC.cpp">
      <Filter>Source Files</Filter>
    </ClCompile>
    <ClCompile Include="baitap1.cpp">
      <Filter>Source Files</Filter>
    </ClCompile>
    <ClCompile Include="baitap2.cpp">
      <Filter>Source Files</Filter>
    </ClCompile>
    <ClCompile Include="baitap3.cpp">
      <Filter>Source Files</Filter>
    </ClCompile>
    <ClCompile Include="baitap4.cpp">
      <Filter>Source Files</Filter>
    </ClCompile>
    <ClCompile Include="baitap5.cpp">
      <Filter>Source Files</Filter>
    </ClCompile>
    <ClCompile Include="baitap6.cpp">
      <Filter>Source Files</Filter>
    </ClCompile>
    <ClCompile Include="baitap7.cpp">
      <Filter>Source Files</Filter>
    </ClCompile>
    <ClCompile Include="baitap8.cpp">
      <Filter>Source Files</Filter>
    </ClCompile>
    <ClCompile Include="baitap9.cpp">
      <Filter>Source Files</Filter>
    </ClCompile>
    <ClCompile Include="baitap10.cpp">
      <Filter>Source Files</Filter>
    </ClCompile>
    <ClCompile Include="baitap11.cpp">
      <Filter>Source Files</Filter>
    </ClCompile>
    <ClCompile Include="baitap12.cpp">
      <Filter>Source Files</Filter>
    </ClCompile>
    <ClCompile Include="baitap13.cpp">
      <Filter>Source Files</Filter>
    </ClCompile>
    <ClCompile Include="baitap14.cpp">
      <Filter>Source Files</Filter>
    </ClCompile>
    <ClCompile Include="baitap15.cpp">
      <Filter>Source Files</Filter>
    </ClCompile>
    <ClCompile Include="baitap16.cpp">
      <Filter>Source Files</Filter>
    </ClCompile>
    <ClCompile Include="baitap17.cpp">
      <Filter>Source Files</Filter>
    </ClCompile>
    <ClCompile Include="baitap18.cpp">
      <Filter>Source Files</Filter>
    </ClCompile>
    <ClCompile Include="baitap20.cpp">
      <Filter>Source Files</Filter>
    </ClCompile>
    <ClCompile Include="baitap21.cpp">
      <Filter>Source Files</Filter>
    </ClCompile>
    <ClCompile Include="baitap22.cpp">
      <Filter>Source Files</Filter>
    </ClCompile>
    <ClCompile Include="baitap23.cpp">
      <Filter>Source Files</Filter>
    </ClCompile>
    <ClCompile Include="baitap24.cpp">
      <Filter>Source Files</Filter>
    </ClCompile>
    <ClCompile Include="baitap25.cpp">
      <Filter>Source Files</Filter>
    </ClCompile>
    <ClCompile Include="baitap26.cpp">
      <Filter>Source Files</Filter>
    </ClCompile>
    <ClCompile Include="baitap27.cpp">
      <Filter>Source Files</Filter>
    </ClCompile>
    <ClCompile Include="baitap28.cpp">
      <Filter>Source Files</Filter>
    </ClCompile>
    <ClCompile Include="baitap29.cpp">
      <Filter>Source Files</Filter>
    </ClCompile>
    <ClCompile Include="baitap30.cpp">
      <Filter>Source Files</Filter>
    </ClCompile>
    <ClCompile Include="baitap31.cpp">
      <Filter>Source Files</Filter>
    </ClCompile>
    <ClCompile Include="baitap32.cpp">
      <Filter>Source Files</Filter>
    </ClCompile>
    <ClCompile Include="baitap33.cpp">
      <Filter>Source Files</Filter>
    </ClCompile>
    <ClCompile Include="baitap34.cpp">
      <Filter>Source Files</Filter>
    </ClCompile>
    <ClCompile Include="baitap35.cpp">
      <Filter>Source Files</Filter>
    </ClCompile>
    <ClCompile Include="baitap36.cpp">
      <Filter>Source Files</Filter>
    </ClCompile>
    <ClCompile Include="baitap37.cpp">
      <Filter>Source Files</Filter>
    </ClCompile>
    <ClCompile Include="baitap38.cpp">
      <Filter>Source Files</Filter>
    </ClCompile>
    <ClCompile Include="baitap39.cpp">
      <Filter>Source Files</Filter>
    </ClCompile>
    <ClCompile Include="baitap40.cpp">
      <Filter>Source Files</Filter>
    </ClCompile>
    <ClCompile Include="baitap41.cpp">
      <Filter>Source Files</Filter>
    </ClCompile>
    <ClCompile Include="baitap42.cpp">
      <Filter>Source Files</Filter>
    </ClCompile>
    <ClCompile Include="baitap43.cpp">
      <Filter>Source Files</Filter>
    </ClCompile>
    <ClCompile Include="baitap44.cpp">
      <Filter>Source Files</Filter>
    </ClCompile>
    <ClCompile Include="baitap45.cpp">
      <Filter>Source Files</Filter>
    </ClCompile>
    <ClCompile Include="baitap46.cpp">
      <Filter>Source Files</Filter>
    </ClCompile>
    <ClCompile Include="baitap47.cpp">
      <Filter>Source Files</Filter>
    </ClCompile>
    <ClCompile Include="baitap48.cpp">
      <Filter>Source Files</Filter>
    </ClCompile>
    <ClCompile Include="baitap49.cpp">
      <Filter>Source Files</Filter>
    </ClCompile>
    <ClCompile Include="baitap50.cpp">
      <Filter>Source Files</Filter>
    </ClCompile>
    <ClCompile Include="baitap51.cpp">
      <Filter>Source Files</Filter>
    </ClCompile>
    <ClCompile Include="baitap52.cpp">
      <Filter>Source Files</Filter>
    </ClCompile>
    <ClCompile Include="baitap53.cpp">
      <Filter>Source Files</Filter>
    </ClCompile>
    <ClCompile Include="baitap54.cpp">
      <Filter>Source Files</Filter>
    </ClCompile>
    <ClCompile Include="baitap55.cpp">
      <Filter>Source Files</Filter>
    </ClCompile>
    <ClCompile Include="baitap56.cpp">
      <Filter>Source Files</Filter>
    </ClCompile>
    <ClCompile Include="baitap57.cpp">
      <Filter>Source Files</Filter>
    </ClCompile>
    <ClCompile Include="baitap58.cpp">
      <Filter>Source Files</Filter>
    </ClCompile>
    <ClCompile Include="baitap59.cpp">
      <Filter>Source Files</Filter>
    </ClCompile>
    <ClCompile Include="baitap60.cpp">
      <Filter>Source Files</Filter>
    </ClCompile>
    <ClCompile Include="baitap61.cpp">
      <Filter>Source Files</Filter>
    </ClCompile>
    <ClCompile Include="baitap62.cpp">
      <Filter>Source Files</Filter>
    </ClCompile>
    <ClCompile Include="baitap63.cpp">
      <Filter>Source Files</Filter>
    </ClCompile>
    <ClCompile Include="baitap65.cpp">
      <Filter>Source Files</Filter>
    </ClCompile>
    <ClCompile Include="Quan Ly Sinh Vien KTX.cpp">
      <Filter>Source Files</Filter>
    </ClCompile>
  </ItemGroup>
</Project>